
Microsoft Visual Studio Solution File, Format Version 12.00
# Visual Studio 15
VisualStudioVersion = 15.0.27703.2042
MinimumVisualStudioVersion = 10.0.40219.1
Project("{9A19103F-16F7-4668-BE54-9A1E7A4F7556}") = "HSTPL.YS.WebApp", "HSTPL.YS.WebApp.csproj", "{919EC116-EF83-4533-B17D-128EF0725E85}"
EndProject
Global
	GlobalSection(SolutionConfigurationPlatforms) = preSolution
		Debug|Any CPU = Debug|Any CPU
		Release|Any CPU = Release|Any CPU
	EndGlobalSection
	GlobalSection(ProjectConfigurationPlatforms) = postSolution
		{919EC116-EF83-4533-B17D-128EF0725E85}.Debug|Any CPU.ActiveCfg = Debug|Any CPU
		{919EC116-EF83-4533-B17D-128EF0725E85}.Debug|Any CPU.Build.0 = Debug|Any CPU
		{919EC116-EF83-4533-B17D-128EF0725E85}.Release|Any CPU.ActiveCfg = Release|Any CPU
		{919EC116-EF83-4533-B17D-128EF0725E85}.Release|Any CPU.Build.0 = Release|Any CPU
	EndGlobalSection
	GlobalSection(SolutionProperties) = preSolution
		HideSolutionNode = FALSE
	EndGlobalSection
	GlobalSection(ExtensibilityGlobals) = postSolution
		SolutionGuid = {076AD15D-E1B6-4BA8-9475-0904DAE5F7EB}
	EndGlobalSection
EndGlobal
